
Microsoft Visual Studio Solution File, Format Version 12.00
# Visual Studio Version 16
VisualStudioVersion = 16.0.30523.141
MinimumVisualStudioVersion = 10.0.40219.1
Project("{FAE04EC0-301F-11D3-BF4B-00C04F79EFBC}") = "PrivateSchoolTwo", "PrivateSchoolTwo.csproj", "{9A396D80-3157-4223-B347-85DD4636E4DB}"
EndProject
Global
	GlobalSection(SolutionConfigurationPlatforms) = preSolution
		Debug|Any CPU = Debug|Any CPU
		Release|Any CPU = Release|Any CPU
	EndGlobalSection
	GlobalSection(ProjectConfigurationPlatforms) = postSolution
		{9A396D80-3157-4223-B347-85DD4636E4DB}.Debug|Any CPU.ActiveCfg = Debug|Any CPU
		{9A396D80-3157-4223-B347-85DD4636E4DB}.Debug|Any CPU.Build.0 = Debug|Any CPU
		{9A396D80-3157-4223-B347-85DD4636E4DB}.Release|Any CPU.ActiveCfg = Release|Any CPU
		{9A396D80-3157-4223-B347-85DD4636E4DB}.Release|Any CPU.Build.0 = Release|Any CPU
	EndGlobalSection
	GlobalSection(SolutionProperties) = preSolution
		HideSolutionNode = FALSE
	EndGlobalSection
	GlobalSection(ExtensibilityGlobals) = postSolution
		SolutionGuid = {A1B3A55C-71FF-4A64-9FEE-72C54DB727FC}
	EndGlobalSection
EndGlobal
